
Microsoft Visual Studio Solution File, Format Version 12.00
# Visual Studio 15
VisualStudioVersion = 15.0.27703.2047
MinimumVisualStudioVersion = 10.0.40219.1
Project("{FAE04EC0-301F-11D3-BF4B-00C04F79EFBC}") = "ConsoleReceive", "ConsoleReceive\ConsoleReceive.csproj", "{C350CADD-26EA-4219-8000-DD2969B36B6D}"
EndProject
Global
	GlobalSection(SolutionConfigurationPlatforms) = preSolution
		Debug|Any CPU = Debug|Any CPU
		Release|Any CPU = Release|Any CPU
	EndGlobalSection
	GlobalSection(ProjectConfigurationPlatforms) = postSolution
		{C350CADD-26EA-4219-8000-DD2969B36B6D}.Debug|Any CPU.ActiveCfg = Debug|Any CPU
		{C350CADD-26EA-4219-8000-DD2969B36B6D}.Debug|Any CPU.Build.0 = Debug|Any CPU
		{C350CADD-26EA-4219-8000-DD2969B36B6D}.Release|Any CPU.ActiveCfg = Release|Any CPU
		{C350CADD-26EA-4219-8000-DD2969B36B6D}.Release|Any CPU.Build.0 = Release|Any CPU
	EndGlobalSection
	GlobalSection(SolutionProperties) = preSolution
		HideSolutionNode = FALSE
	EndGlobalSection
	GlobalSection(ExtensibilityGlobals) = postSolution
		SolutionGuid = {CD0E3F28-D514-449D-BB4B-BDBBDBA955EF}
	EndGlobalSection
EndGlobal
